
Microsoft Visual Studio Solution File, Format Version 12.00
# Visual Studio 15
VisualStudioVersion = 15.0.28307.705
MinimumVisualStudioVersion = 10.0.40219.1
Project("{FAE04EC0-301F-11D3-BF4B-00C04F79EFBC}") = "Proiect BD", "WindowsFormsApplication1\Proiect BD.csproj", "{1BD30813-BD72-48AC-A3DE-4CAD53BF4BEB}"
EndProject
Global
	GlobalSection(SolutionConfigurationPlatforms) = preSolution
		Debug|Any CPU = Debug|Any CPU
		Release|Any CPU = Release|Any CPU
	EndGlobalSection
	GlobalSection(ProjectConfigurationPlatforms) = postSolution
		{1BD30813-BD72-48AC-A3DE-4CAD53BF4BEB}.Debug|Any CPU.ActiveCfg = Debug|Any CPU
		{1BD30813-BD72-48AC-A3DE-4CAD53BF4BEB}.Release|Any CPU.ActiveCfg = Release|Any CPU
		{1BD30813-BD72-48AC-A3DE-4CAD53BF4BEB}.Release|Any CPU.Build.0 = Release|Any CPU
	EndGlobalSection
	GlobalSection(SolutionProperties) = preSolution
		HideSolutionNode = FALSE
	EndGlobalSection
	GlobalSection(ExtensibilityGlobals) = postSolution
		SolutionGuid = {A9815C23-8707-414D-9A73-AA7D73FFEA72}
	EndGlobalSection
EndGlobal
